
Microsoft Visual Studio Solution File, Format Version 12.00
# Visual Studio Version 16
VisualStudioVersion = 16.0.30711.63
MinimumVisualStudioVersion = 10.0.40219.1
Project("{9A19103F-16F7-4668-BE54-9A1E7A4F7556}") = "ConsoleApp1(Class)", "ConsoleApp1(Class)\ConsoleApp1(Class).csproj", "{45852758-1847-4E61-9325-3E22EB23EBAC}"
EndProject
Project("{FAE04EC0-301F-11D3-BF4B-00C04F79EFBC}") = "ConsoleApp(Metotlar)", "ConsoleApp(Metotlar)\ConsoleApp(Metotlar).csproj", "{86DD08AD-43E2-4F37-ABA6-DAC1F8325DB2}"
EndProject
Project("{2150E333-8FDC-42A3-9474-1A3956D46DE8}") = "Solution Items", "Solution Items", "{71C486FC-4FDD-4FF6-A457-0283B89A40DB}"
EndProject
Project("{FAE04EC0-301F-11D3-BF4B-00C04F79EFBC}") = "ConsoleApp(Matematik)", "ConsoleApp(Matematik)\ConsoleApp(Matematik).csproj", "{BD6810CB-E304-43F5-9525-ADE94B83AF24}"
EndProject
Project("{FAE04EC0-301F-11D3-BF4B-00C04F79EFBC}") = "ConsoleApp(DegerveReferansTipler)", "ConsoleApp(DegerveReferansTipler)\ConsoleApp(DegerveReferansTipler).csproj", "{0F030198-3535-401C-8DE6-9343745CB56E}"
EndProject
Global
	GlobalSection(SolutionConfigurationPlatforms) = preSolution
		Debug|Any CPU = Debug|Any CPU
		Release|Any CPU = Release|Any CPU
	EndGlobalSection
	GlobalSection(ProjectConfigurationPlatforms) = postSolution
		{45852758-1847-4E61-9325-3E22EB23EBAC}.Debug|Any CPU.ActiveCfg = Debug|Any CPU
		{45852758-1847-4E61-9325-3E22EB23EBAC}.Debug|Any CPU.Build.0 = Debug|Any CPU
		{45852758-1847-4E61-9325-3E22EB23EBAC}.Release|Any CPU.ActiveCfg = Release|Any CPU
		{45852758-1847-4E61-9325-3E22EB23EBAC}.Release|Any CPU.Build.0 = Release|Any CPU
		{86DD08AD-43E2-4F37-ABA6-DAC1F8325DB2}.Debug|Any CPU.ActiveCfg = Debug|Any CPU
		{86DD08AD-43E2-4F37-ABA6-DAC1F8325DB2}.Debug|Any CPU.Build.0 = Debug|Any CPU
		{86DD08AD-43E2-4F37-ABA6-DAC1F8325DB2}.Release|Any CPU.ActiveCfg = Release|Any CPU
		{86DD08AD-43E2-4F37-ABA6-DAC1F8325DB2}.Release|Any CPU.Build.0 = Release|Any CPU
		{BD6810CB-E304-43F5-9525-ADE94B83AF24}.Debug|Any CPU.ActiveCfg = Debug|Any CPU
		{BD6810CB-E304-43F5-9525-ADE94B83AF24}.Debug|Any CPU.Build.0 = Debug|Any CPU
		{BD6810CB-E304-43F5-9525-ADE94B83AF24}.Release|Any CPU.ActiveCfg = Release|Any CPU
		{BD6810CB-E304-43F5-9525-ADE94B83AF24}.Release|Any CPU.Build.0 = Release|Any CPU
		{0F030198-3535-401C-8DE6-9343745CB56E}.Debug|Any CPU.ActiveCfg = Debug|Any CPU
		{0F030198-3535-401C-8DE6-9343745CB56E}.Debug|Any CPU.Build.0 = Debug|Any CPU
		{0F030198-3535-401C-8DE6-9343745CB56E}.Release|Any CPU.ActiveCfg = Release|Any CPU
		{0F030198-3535-401C-8DE6-9343745CB56E}.Release|Any CPU.Build.0 = Release|Any CPU
	EndGlobalSection
	GlobalSection(SolutionProperties) = preSolution
		HideSolutionNode = FALSE
	EndGlobalSection
	GlobalSection(ExtensibilityGlobals) = postSolution
		SolutionGuid = {3C051E44-E260-4F2F-98C6-F3132A3E8BDD}
	EndGlobalSection
EndGlobal
